{
  "name": "velo-docs",
  "version": "1.0.0",
  "lockfileVersion": 3,
  "requires": true,
  "packages": {
    "": {
      "name": "velo-docs",
      "version": "1.0.0",
      "license": "ISC",
      "dependencies": {
        "velo-http": "^1.0.0"
      }
    },
    "node_modules/velo-http": {
      "version": "1.0.0",
      "resolved": "https://registry.npmjs.org/velo-http/-/velo-http-1.0.0.tgz",
      "integrity": "sha512-CL6Ml1s1WByRGu6Lq3xZ6EaKXO7FsOMzSr1Ba6kChUQLoc5DlyiFuM3osKfDPHIEfgVfowm27wZMls4KgiYj+Q==",
      "license": "MIT",
      "engines": {
        "node": ">=20.6.0"
      }
    }
  }
}
